
Microsoft Visual Studio Solution File, Format Version 12.00
# Visual Studio Version 17
VisualStudioVersion = 17.9.34723.18
MinimumVisualStudioVersion = 10.0.40219.1
Project("{FAE04EC0-301F-11D3-BF4B-00C04F79EFBC}") = "OutfixApi", "OutfixApi.csproj", "{F02F22A5-7D82-4636-AA10-A1C66D441E11}"
EndProject
Global
	GlobalSection(SolutionConfigurationPlatforms) = preSolution
		Debug|Any CPU = Debug|Any CPU
		Release|Any CPU = Release|Any CPU
	EndGlobalSection
	GlobalSection(ProjectConfigurationPlatforms) = postSolution
		{F02F22A5-7D82-4636-AA10-A1C66D441E11}.Debug|Any CPU.ActiveCfg = Debug|Any CPU
		{F02F22A5-7D82-4636-AA10-A1C66D441E11}.Debug|Any CPU.Build.0 = Debug|Any CPU
		{F02F22A5-7D82-4636-AA10-A1C66D441E11}.Release|Any CPU.ActiveCfg = Release|Any CPU
		{F02F22A5-7D82-4636-AA10-A1C66D441E11}.Release|Any CPU.Build.0 = Release|Any CPU
	EndGlobalSection
	GlobalSection(SolutionProperties) = preSolution
		HideSolutionNode = FALSE
	EndGlobalSection
	GlobalSection(ExtensibilityGlobals) = postSolution
		SolutionGuid = {A786DB5E-CB3E-43EE-8C19-39C1985CD3FA}
	EndGlobalSection
EndGlobal
